<?xml version="1.0" encoding="utf-8"?>
<Project ToolsVersion="4.0" xmlns="http://schemas.microsoft.com/developer/msbuild/2003">
  <ItemGroup>
    <Filter Include="Source Files">
      <UniqueIdentifier>{4FC737F1-C7A5-4376-A066-2A32D752A2FF}</UniqueIdentifier>
      <Extensions>cpp;c;cc;cxx;def;odl;idl;hpj;bat;asm;asmx</Extensions>
    </Filter>
    <Filter Include="Header Files">
      <UniqueIdentifier>{93995380-89BD-4b04-88EB-625FBE52EBFB}</UniqueIdentifier>
      <Extensions>h;hpp;hxx;hm;inl;inc;xsd</Extensions>
    </Filter>
    <Filter Include="Resource Files">
      <UniqueIdentifier>{67DA6AB6-F800-4c08-8B7A-83BB121AAD01}</UniqueIdentifier>
      <Extensions>rc;ico;cur;bmp;dlg;rc2;rct;bin;rgs;gif;jpg;jpeg;jpe;resx;tiff;tif;png;wav;mfcribbon-ms</Extensions>
    </Filter>
  </ItemGroup>
  <ItemGroup>
    <None Include="ReadMe.txt" />
  </ItemGroup>
  <ItemGroup>
    <ClInclude Include="version.h">
      <Filter>Header Files</Filter>
    </ClInclude>
    <ClInclude Include="..\include\dvdetect\dvdcell.h">
      <Filter>Header Files</Filter>
    </ClInclude>
    <ClInclude Include="..\include\dvdetect\dvdetect.h">
      <Filter>Header Files</Filter>
    </ClInclude>
    <ClInclude Include="..\include\dvdetect\dvdetectbase.h">
      <Filter>Header Files</Filter>
    </ClInclude>
    <ClInclude Include="..\include\dvdetect\dvdetectc++.h">
      <Filter>Header Files</Filter>
    </ClInclude>
    <ClInclude Include="..\include\dvdetect\dvdetectdll.h">
      <Filter>Header Files</Filter>
    </ClInclude>
    <ClInclude Include="..\include\dvdetect\dvdfile.h">
      <Filter>Header Files</Filter>
    </ClInclude>
    <ClInclude Include="..\include\dvdetect\dvdparse.h">
      <Filter>Header Files</Filter>
    </ClInclude>
    <ClInclude Include="..\include\dvdetect\dvdpgc.h">
      <Filter>Header Files</Filter>
    </ClInclude>
    <ClInclude Include="..\include\dvdetect\dvdprogram.h">
      <Filter>Header Files</Filter>
    </ClInclude>
    <ClInclude Include="..\include\dvdetect\dvdptt.h">
      <Filter>Header Files</Filter>
    </ClInclude>
    <ClInclude Include="..\include\dvdetect\dvdtitle.h">
      <Filter>Header Files</Filter>
    </ClInclude>
    <ClInclude Include="..\include\dvdetect\dvdunit.h">
      <Filter>Header Files</Filter>
    </ClInclude>
    <ClInclude Include="..\include\dvdetect\dvdutils.h">
      <Filter>Header Files</Filter>
    </ClInclude>
    <ClInclude Include="..\include\dvdetect\types.h">
      <Filter>Header Files</Filter>
    </ClInclude>
    <ClInclude Include="..\include\dvdetect\version.h">
      <Filter>Header Files</Filter>
    </ClInclude>
  </ItemGroup>
  <ItemGroup>
    <ClCompile Include="dllmain.cpp">
      <Filter>Source Files</Filter>
    </ClCompile>
  </ItemGroup>
</Project>